
Microsoft Visual Studio Solution File, Format Version 12.00
# Visual Studio Version 17
VisualStudioVersion = 17.5.33516.290
MinimumVisualStudioVersion = 10.0.40219.1
Project("{FAE04EC0-301F-11D3-BF4B-00C04F79EFBC}") = "S3G4-PVFAPP", "S3G4-PVFAPP.csproj", "{13053D7D-6FA6-4DCF-97D9-E86131F3B5E6}"
EndProject
Global
	GlobalSection(SolutionConfigurationPlatforms) = preSolution
		Debug|Any CPU = Debug|Any CPU
		Release|Any CPU = Release|Any CPU
	EndGlobalSection
	GlobalSection(ProjectConfigurationPlatforms) = postSolution
		{13053D7D-6FA6-4DCF-97D9-E86131F3B5E6}.Debug|Any CPU.ActiveCfg = Debug|Any CPU
		{13053D7D-6FA6-4DCF-97D9-E86131F3B5E6}.Debug|Any CPU.Build.0 = Debug|Any CPU
		{13053D7D-6FA6-4DCF-97D9-E86131F3B5E6}.Release|Any CPU.ActiveCfg = Release|Any CPU
		{13053D7D-6FA6-4DCF-97D9-E86131F3B5E6}.Release|Any CPU.Build.0 = Release|Any CPU
	EndGlobalSection
	GlobalSection(SolutionProperties) = preSolution
		HideSolutionNode = FALSE
	EndGlobalSection
	GlobalSection(ExtensibilityGlobals) = postSolution
		SolutionGuid = {3EC5B8A3-0636-4A1E-8B79-7A0A18044B63}
	EndGlobalSection
EndGlobal
